
Microsoft Visual Studio Solution File, Format Version 12.00
# Visual Studio Version 16
VisualStudioVersion = 16.0.30803.129
MinimumVisualStudioVersion = 10.0.40219.1
Project("{FAE04EC0-301F-11D3-BF4B-00C04F79EFBC}") = "SQLine", "SQLine\SQLine.csproj", "{824AF2BE-3986-47B3-87BF-4A344C612AAB}"
EndProject
Global
	GlobalSection(SolutionConfigurationPlatforms) = preSolution
		Debug|Any CPU = Debug|Any CPU
		Release|Any CPU = Release|Any CPU
	EndGlobalSection
	GlobalSection(ProjectConfigurationPlatforms) = postSolution
		{824AF2BE-3986-47B3-87BF-4A344C612AAB}.Debug|Any CPU.ActiveCfg = Debug|Any CPU
		{824AF2BE-3986-47B3-87BF-4A344C612AAB}.Debug|Any CPU.Build.0 = Debug|Any CPU
		{824AF2BE-3986-47B3-87BF-4A344C612AAB}.Release|Any CPU.ActiveCfg = Release|Any CPU
		{824AF2BE-3986-47B3-87BF-4A344C612AAB}.Release|Any CPU.Build.0 = Release|Any CPU
	EndGlobalSection
	GlobalSection(SolutionProperties) = preSolution
		HideSolutionNode = FALSE
	EndGlobalSection
	GlobalSection(ExtensibilityGlobals) = postSolution
		SolutionGuid = {48871808-A409-4F51-8D80-FF9024938631}
	EndGlobalSection
EndGlobal
